
Microsoft Visual Studio Solution File, Format Version 12.00
# Visual Studio Version 16
VisualStudioVersion = 16.0.29123.88
MinimumVisualStudioVersion = 10.0.40219.1
Project("{FAE04EC0-301F-11D3-BF4B-00C04F79EFBC}") = "StringExtensions", "StringExtensions\StringExtensions.csproj", "{6AD0E48F-1A36-46AE-BECA-97ECCD924833}"
EndProject
Project("{FAE04EC0-301F-11D3-BF4B-00C04F79EFBC}") = "StringExtensionsTest", "StringExtensionsTest\StringExtensionsTest.csproj", "{A79A7608-8500-4A12-BAC2-49189E3A4E07}"
EndProject
Global
	GlobalSection(SolutionConfigurationPlatforms) = preSolution
		Debug|Any CPU = Debug|Any CPU
		Release|Any CPU = Release|Any CPU
	EndGlobalSection
	GlobalSection(ProjectConfigurationPlatforms) = postSolution
		{6AD0E48F-1A36-46AE-BECA-97ECCD924833}.Debug|Any CPU.ActiveCfg = Debug|Any CPU
		{6AD0E48F-1A36-46AE-BECA-97ECCD924833}.Debug|Any CPU.Build.0 = Debug|Any CPU
		{6AD0E48F-1A36-46AE-BECA-97ECCD924833}.Release|Any CPU.ActiveCfg = Release|Any CPU
		{6AD0E48F-1A36-46AE-BECA-97ECCD924833}.Release|Any CPU.Build.0 = Release|Any CPU
		{A79A7608-8500-4A12-BAC2-49189E3A4E07}.Debug|Any CPU.ActiveCfg = Debug|Any CPU
		{A79A7608-8500-4A12-BAC2-49189E3A4E07}.Debug|Any CPU.Build.0 = Debug|Any CPU
		{A79A7608-8500-4A12-BAC2-49189E3A4E07}.Release|Any CPU.ActiveCfg = Release|Any CPU
		{A79A7608-8500-4A12-BAC2-49189E3A4E07}.Release|Any CPU.Build.0 = Release|Any CPU
	EndGlobalSection
	GlobalSection(SolutionProperties) = preSolution
		HideSolutionNode = FALSE
	EndGlobalSection
	GlobalSection(ExtensibilityGlobals) = postSolution
		SolutionGuid = {5BB68F9B-3ADD-4E3C-AE74-4A60CB584085}
	EndGlobalSection
EndGlobal
